{
  "version": 4,
  "terraform_version": "0.14.5",
  "serial": 127,
  "lineage": "07619b31-4883-9384-2ee2-66323ac7165f",
  "outputs": {},
  "resources": [
    {
      "mode": "data",
      "type": "aws_acm_certificate",
      "name": "issued",
      "provider": "provider[\"registry.terraform.io/hashicorp/aws\"]",
      "instances": [
        {
          "schema_version": 0,
          "attributes": {
            "arn": "arn:aws:acm:eu-north-1:984547102228:certificate/d37af21a-ca4d-4644-9eb4-619c1799f4ef",
            "domain": "*.snyatkov.site",
            "id": "arn:aws:acm:eu-north-1:984547102228:certificate/d37af21a-ca4d-4644-9eb4-619c1799f4ef",
            "key_types": null,
            "most_recent": false,
            "statuses": [
              "ISSUED"
            ],
            "tags": {
              "Name": "Demo-site-ssl-cert",
              "Owner": "Snyatkov_V",
              "Project": "Demo-site"
            },
            "types": null
          },
          "sensitive_attributes": []
        }
      ]
    },
    {
      "mode": "data",
      "type": "aws_ami",
      "name": "Amazon_linux",
      "provider": "provider[\"registry.terraform.io/hashicorp/aws\"]",
      "instances": [
        {
          "schema_version": 0,
          "attributes": {
            "architecture": "x86_64",
            "arn": "arn:aws:ec2:eu-north-1::image/ami-02cb52d7ba9887a93",
            "block_device_mappings": [
              {
                "device_name": "/dev/xvda",
                "ebs": {
                  "delete_on_termination": "true",
                  "encrypted": "false",
                  "iops": "0",
                  "snapshot_id": "snap-0113051c59a0e387a",
                  "throughput": "0",
                  "volume_size": "8",
                  "volume_type": "gp2"
                },
                "no_device": "",
                "virtual_name": ""
              }
            ],
            "creation_date": "2020-12-21T22:40:13.000Z",
            "description": "Amazon Linux 2 AMI 2.0.20201218.1 x86_64 HVM gp2",
            "executable_users": null,
            "filter": [
              {
                "name": "name",
                "values": [
                  "amzn2-ami-hvm-*-x86_64-gp2"
                ]
              },
              {
                "name": "virtualization-type",
                "values": [
                  "hvm"
                ]
              }
            ],
            "hypervisor": "xen",
            "id": "ami-02cb52d7ba9887a93",
            "image_id": "ami-02cb52d7ba9887a93",
            "image_location": "amazon/amzn2-ami-hvm-2.0.20201218.1-x86_64-gp2",
            "image_owner_alias": "amazon",
            "image_type": "machine",
            "kernel_id": null,
            "most_recent": true,
            "name": "amzn2-ami-hvm-2.0.20201218.1-x86_64-gp2",
            "name_regex": null,
            "owner_id": "137112412989",
            "owners": [
              "amazon"
            ],
            "platform": null,
            "product_codes": [],
            "public": true,
            "ramdisk_id": null,
            "root_device_name": "/dev/xvda",
            "root_device_type": "ebs",
            "root_snapshot_id": "snap-0113051c59a0e387a",
            "sriov_net_support": "simple",
            "state": "available",
            "state_reason": {
              "code": "UNSET",
              "message": "UNSET"
            },
            "tags": {},
            "virtualization_type": "hvm"
          },
          "sensitive_attributes": []
        }
      ]
    },
    {
      "mode": "data",
      "type": "aws_availability_zones",
      "name": "available",
      "provider": "provider[\"registry.terraform.io/hashicorp/aws\"]",
      "instances": [
        {
          "schema_version": 0,
          "attributes": {
            "all_availability_zones": null,
            "exclude_names": null,
            "exclude_zone_ids": null,
            "filter": null,
            "group_names": [
              "eu-north-1"
            ],
            "id": "eu-north-1",
            "names": [
              "eu-north-1a",
              "eu-north-1b",
              "eu-north-1c"
            ],
            "state": "available",
            "zone_ids": [
              "eun1-az1",
              "eun1-az2",
              "eun1-az3"
            ]
          },
          "sensitive_attributes": []
        }
      ]
    },
    {
      "mode": "managed",
      "type": "aws_autoscaling_group",
      "name": "ASG_for_ALB",
      "provider": "provider[\"registry.terraform.io/hashicorp/aws\"]",
      "instances": [
        {
          "schema_version": 0,
          "attributes": {
            "arn": "arn:aws:autoscaling:eu-north-1:984547102228:autoScalingGroup:1276770a-3dc8-4f92-bd91-97c53fb6b62d:autoScalingGroupName/ASG-EC2-LC-Demo-site-20210124152252321900000001",
            "availability_zones": [
              "eu-north-1a",
              "eu-north-1b"
            ],
            "capacity_rebalance": false,
            "default_cooldown": 300,
            "desired_capacity": 2,
            "enabled_metrics": [],
            "force_delete": false,
            "health_check_grace_period": 300,
            "health_check_type": "ELB",
            "id": "ASG-EC2-LC-Demo-site-20210124152252321900000001",
            "initial_lifecycle_hook": [],
            "instance_refresh": [],
            "launch_configuration": "EC2-LC-Demo-site-20210124152252321900000001",
            "launch_template": [],
            "load_balancers": [],
            "max_instance_lifetime": 0,
            "max_size": 2,
            "metrics_granularity": "1Minute",
            "min_elb_capacity": 2,
            "min_size": 2,
            "mixed_instances_policy": [],
            "name": "ASG-EC2-LC-Demo-site-20210124152252321900000001",
            "name_prefix": null,
            "placement_group": "",
            "protect_from_scale_in": false,
            "service_linked_role_arn": "arn:aws:iam::984547102228:role/aws-service-role/autoscaling.amazonaws.com/AWSServiceRoleForAutoScaling",
            "suspended_processes": [],
            "tag": [
              {
                "key": "Name",
                "propagate_at_launch": true,
                "value": "EC2_for_demo_site"
              },
              {
                "key": "Owner",
                "propagate_at_launch": true,
                "value": "Snyatkov_V"
              },
              {
                "key": "Project",
                "propagate_at_launch": true,
                "value": "Demo-site"
              },
              {
                "key": "TAGKEY",
                "propagate_at_launch": true,
                "value": "TAGVALUE"
              }
            ],
            "tags": null,
            "target_group_arns": [
              "arn:aws:elasticloadbalancing:eu-north-1:984547102228:targetgroup/tg-for-demo-site/ba0cd1fa807f568f"
            ],
            "termination_policies": [],
            "timeouts": null,
            "vpc_zone_identifier": [
              "subnet-06675c24819a71b55",
              "subnet-08936c67a51af098e"
            ],
            "wait_for_capacity_timeout": "10m",
            "wait_for_elb_capacity": null
          },
          "sensitive_attributes": [],
          "private": "eyJlMmJmYjczMC1lY2FhLTExZTYtOGY4OC0zNDM2M2JjN2M0YzAiOnsiZGVsZXRlIjo2MDAwMDAwMDAwMDB9fQ==",
          "dependencies": [
            "aws_launch_configuration.LC_for_ALB",
            "aws_lb_target_group.TG_for_demo_site",
            "aws_security_group.EC2_security",
            "aws_subnet.Demo_site_subnet_1",
            "aws_subnet.Demo_site_subnet_2",
            "aws_vpc.Demo_site_vpc",
            "data.aws_ami.Amazon_linux",
            "data.aws_availability_zones.available"
          ],
          "create_before_destroy": true
        }
      ]
    },
    {
      "mode": "managed",
      "type": "aws_internet_gateway",
      "name": "IGW_for_demo_site",
      "provider": "provider[\"registry.terraform.io/hashicorp/aws\"]",
      "instances": [
        {
          "schema_version": 0,
          "attributes": {
            "arn": "arn:aws:ec2:eu-north-1:984547102228:internet-gateway/igw-07d35673efb551ed3",
            "id": "igw-07d35673efb551ed3",
            "owner_id": "984547102228",
            "tags": {
              "Name": "IGW_for_demo_site",
              "Owner": "Snyatkov_V",
              "Project": "Demo-site"
            },
            "vpc_id": "vpc-019e0f4cd3c3cc452"
          },
          "sensitive_attributes": [],
          "private": "bnVsbA==",
          "dependencies": [
            "aws_vpc.Demo_site_vpc"
          ]
        }
      ]
    },
    {
      "mode": "managed",
      "type": "aws_launch_configuration",
      "name": "LC_for_ALB",
      "provider": "provider[\"registry.terraform.io/hashicorp/aws\"]",
      "instances": [
        {
          "schema_version": 0,
          "attributes": {
            "arn": "arn:aws:autoscaling:eu-north-1:984547102228:launchConfiguration:cb374628-7ced-41f3-ba95-d2145cae9628:launchConfigurationName/EC2-LC-Demo-site-20210124152252321900000001",
            "associate_public_ip_address": false,
            "ebs_block_device": [],
            "ebs_optimized": false,
            "enable_monitoring": true,
            "ephemeral_block_device": [],
            "iam_instance_profile": "",
            "id": "EC2-LC-Demo-site-20210124152252321900000001",
            "image_id": "ami-02cb52d7ba9887a93",
            "instance_type": "t3.micro",
            "key_name": "ssh_stockholm",
            "metadata_options": [],
            "name": "EC2-LC-Demo-site-20210124152252321900000001",
            "name_prefix": "EC2-LC-Demo-site-",
            "placement_tenancy": null,
            "root_block_device": [],
            "security_groups": [
              "sg-057ef057d9ab8a146"
            ],
            "spot_price": "",
            "user_data": "22fdd95f74fbd5ddbf33a7f6c49f0216c739e404",
            "user_data_base64": null,
            "vpc_classic_link_id": "",
            "vpc_classic_link_security_groups": []
          },
          "sensitive_attributes": [],
          "private": "bnVsbA==",
          "dependencies": [
            "aws_security_group.EC2_security",
            "aws_vpc.Demo_site_vpc",
            "data.aws_ami.Amazon_linux"
          ],
          "create_before_destroy": true
        }
      ]
    },
    {
      "mode": "managed",
      "type": "aws_lb",
      "name": "ALB_for_demo_site",
      "provider": "provider[\"registry.terraform.io/hashicorp/aws\"]",
      "instances": [
        {
          "schema_version": 0,
          "attributes": {
            "access_logs": [
              {
                "bucket": "",
                "enabled": false,
                "prefix": ""
              }
            ],
            "arn": "arn:aws:elasticloadbalancing:eu-north-1:984547102228:loadbalancer/app/alb-for-demo-site/c2aa599ff634af51",
            "arn_suffix": "app/alb-for-demo-site/c2aa599ff634af51",
            "customer_owned_ipv4_pool": "",
            "dns_name": "alb-for-demo-site-391335796.eu-north-1.elb.amazonaws.com",
            "drop_invalid_header_fields": false,
            "enable_cross_zone_load_balancing": null,
            "enable_deletion_protection": false,
            "enable_http2": true,
            "id": "arn:aws:elasticloadbalancing:eu-north-1:984547102228:loadbalancer/app/alb-for-demo-site/c2aa599ff634af51",
            "idle_timeout": 60,
            "internal": false,
            "ip_address_type": "ipv4",
            "load_balancer_type": "application",
            "name": "alb-for-demo-site",
            "name_prefix": null,
            "security_groups": [
              "sg-055a96f839c6e82c5"
            ],
            "subnet_mapping": [
              {
                "allocation_id": "",
                "outpost_id": "",
                "private_ipv4_address": "",
                "subnet_id": "subnet-06675c24819a71b55"
              },
              {
                "allocation_id": "",
                "outpost_id": "",
                "private_ipv4_address": "",
                "subnet_id": "subnet-08936c67a51af098e"
              }
            ],
            "subnets": [
              "subnet-06675c24819a71b55",
              "subnet-08936c67a51af098e"
            ],
            "tags": {
              "Name": "ALB for demo site",
              "Owner": "Snyatkov_V",
              "Project": "Demo-site"
            },
            "timeouts": null,
            "vpc_id": "vpc-019e0f4cd3c3cc452",
            "zone_id": "Z23TAZ6LKFMNIO"
          },
          "sensitive_attributes": [],
          "private": "eyJlMmJmYjczMC1lY2FhLTExZTYtOGY4OC0zNDM2M2JjN2M0YzAiOnsiY3JlYXRlIjo2MDAwMDAwMDAwMDAsImRlbGV0ZSI6NjAwMDAwMDAwMDAwLCJ1cGRhdGUiOjYwMDAwMDAwMDAwMH19",
          "dependencies": [
            "aws_security_group.SG_for_ALB",
            "aws_subnet.Demo_site_subnet_1",
            "aws_subnet.Demo_site_subnet_2",
            "aws_vpc.Demo_site_vpc",
            "data.aws_availability_zones.available"
          ]
        }
      ]
    },
    {
      "mode": "managed",
      "type": "aws_lb_listener",
      "name": "LB_listener_for_demo_site",
      "provider": "provider[\"registry.terraform.io/hashicorp/aws\"]",
      "instances": [
        {
          "schema_version": 0,
          "attributes": {
            "arn": "arn:aws:elasticloadbalancing:eu-north-1:984547102228:listener/app/alb-for-demo-site/c2aa599ff634af51/7dcfcc6e757c20e3",
            "certificate_arn": null,
            "default_action": [
              {
                "authenticate_cognito": [],
                "authenticate_oidc": [],
                "fixed_response": [],
                "forward": [],
                "order": 1,
                "redirect": [
                  {
                    "host": "#{host}",
                    "path": "/#{path}",
                    "port": "443",
                    "protocol": "HTTPS",
                    "query": "#{query}",
                    "status_code": "HTTP_301"
                  }
                ],
                "target_group_arn": "",
                "type": "redirect"
              }
            ],
            "id": "arn:aws:elasticloadbalancing:eu-north-1:984547102228:listener/app/alb-for-demo-site/c2aa599ff634af51/7dcfcc6e757c20e3",
            "load_balancer_arn": "arn:aws:elasticloadbalancing:eu-north-1:984547102228:loadbalancer/app/alb-for-demo-site/c2aa599ff634af51",
            "port": 80,
            "protocol": "HTTP",
            "ssl_policy": "",
            "timeouts": null
          },
          "sensitive_attributes": [],
          "private": "eyJlMmJmYjczMC1lY2FhLTExZTYtOGY4OC0zNDM2M2JjN2M0YzAiOnsicmVhZCI6NjAwMDAwMDAwMDAwfX0=",
          "dependencies": [
            "aws_lb.ALB_for_demo_site"
          ]
        }
      ]
    },
    {
      "mode": "managed",
      "type": "aws_lb_listener",
      "name": "LB_listener_for_demo_site_443",
      "provider": "provider[\"registry.terraform.io/hashicorp/aws\"]",
      "instances": [
        {
          "schema_version": 0,
          "attributes": {
            "arn": "arn:aws:elasticloadbalancing:eu-north-1:984547102228:listener/app/alb-for-demo-site/c2aa599ff634af51/2ebd247c05e63f72",
            "certificate_arn": "arn:aws:acm:eu-north-1:984547102228:certificate/d37af21a-ca4d-4644-9eb4-619c1799f4ef",
            "default_action": [
              {
                "authenticate_cognito": [],
                "authenticate_oidc": [],
                "fixed_response": [],
                "forward": [],
                "order": 1,
                "redirect": [],
                "target_group_arn": "arn:aws:elasticloadbalancing:eu-north-1:984547102228:targetgroup/tg-for-demo-site/ba0cd1fa807f568f",
                "type": "forward"
              }
            ],
            "id": "arn:aws:elasticloadbalancing:eu-north-1:984547102228:listener/app/alb-for-demo-site/c2aa599ff634af51/2ebd247c05e63f72",
            "load_balancer_arn": "arn:aws:elasticloadbalancing:eu-north-1:984547102228:loadbalancer/app/alb-for-demo-site/c2aa599ff634af51",
            "port": 443,
            "protocol": "HTTPS",
            "ssl_policy": "ELBSecurityPolicy-2016-08",
            "timeouts": null
          },
          "sensitive_attributes": [],
          "private": "eyJlMmJmYjczMC1lY2FhLTExZTYtOGY4OC0zNDM2M2JjN2M0YzAiOnsicmVhZCI6NjAwMDAwMDAwMDAwfX0=",
          "dependencies": [
            "aws_lb.ALB_for_demo_site",
            "aws_lb_target_group.TG_for_demo_site",
            "aws_security_group.SG_for_ALB",
            "aws_subnet.Demo_site_subnet_1",
            "aws_subnet.Demo_site_subnet_2",
            "aws_vpc.Demo_site_vpc",
            "data.aws_acm_certificate.issued",
            "data.aws_availability_zones.available"
          ]
        }
      ]
    },
    {
      "mode": "managed",
      "type": "aws_lb_listener_rule",
      "name": "Rule_LB_listener",
      "provider": "provider[\"registry.terraform.io/hashicorp/aws\"]",
      "instances": [
        {
          "schema_version": 0,
          "attributes": {
            "action": [
              {
                "authenticate_cognito": [],
                "authenticate_oidc": [],
                "fixed_response": [],
                "forward": [],
                "order": 1,
                "redirect": [],
                "target_group_arn": "arn:aws:elasticloadbalancing:eu-north-1:984547102228:targetgroup/tg-for-demo-site/ba0cd1fa807f568f",
                "type": "forward"
              }
            ],
            "arn": "arn:aws:elasticloadbalancing:eu-north-1:984547102228:listener-rule/app/alb-for-demo-site/c2aa599ff634af51/7dcfcc6e757c20e3/996c3d7b3f099da8",
            "condition": [
              {
                "host_header": [
                  {
                    "values": [
                      "ec2.snyatkov.site"
                    ]
                  }
                ],
                "http_header": [],
                "http_request_method": [],
                "path_pattern": [],
                "query_string": [],
                "source_ip": []
              }
            ],
            "id": "arn:aws:elasticloadbalancing:eu-north-1:984547102228:listener-rule/app/alb-for-demo-site/c2aa599ff634af51/7dcfcc6e757c20e3/996c3d7b3f099da8",
            "listener_arn": "arn:aws:elasticloadbalancing:eu-north-1:984547102228:listener/app/alb-for-demo-site/c2aa599ff634af51/7dcfcc6e757c20e3",
            "priority": 100
          },
          "sensitive_attributes": [],
          "private": "bnVsbA==",
          "dependencies": [
            "aws_lb.ALB_for_demo_site",
            "aws_lb_listener.LB_listener_for_demo_site",
            "aws_lb_target_group.TG_for_demo_site",
            "aws_security_group.SG_for_ALB",
            "aws_subnet.Demo_site_subnet_1",
            "aws_subnet.Demo_site_subnet_2",
            "aws_vpc.Demo_site_vpc",
            "data.aws_availability_zones.available"
          ]
        }
      ]
    },
    {
      "mode": "managed",
      "type": "aws_lb_target_group",
      "name": "TG_for_demo_site",
      "provider": "provider[\"registry.terraform.io/hashicorp/aws\"]",
      "instances": [
        {
          "schema_version": 0,
          "attributes": {
            "arn": "arn:aws:elasticloadbalancing:eu-north-1:984547102228:targetgroup/tg-for-demo-site/ba0cd1fa807f568f",
            "arn_suffix": "targetgroup/tg-for-demo-site/ba0cd1fa807f568f",
            "deregistration_delay": 300,
            "health_check": [
              {
                "enabled": true,
                "healthy_threshold": 2,
                "interval": 15,
                "matcher": "200",
                "path": "/",
                "port": "traffic-port",
                "protocol": "HTTP",
                "timeout": 3,
                "unhealthy_threshold": 2
              }
            ],
            "id": "arn:aws:elasticloadbalancing:eu-north-1:984547102228:targetgroup/tg-for-demo-site/ba0cd1fa807f568f",
            "lambda_multi_value_headers_enabled": false,
            "load_balancing_algorithm_type": "round_robin",
            "name": "tg-for-demo-site",
            "name_prefix": null,
            "port": 80,
            "protocol": "HTTP",
            "proxy_protocol_v2": false,
            "slow_start": 0,
            "stickiness": [
              {
                "cookie_duration": 86400,
                "enabled": false,
                "type": "lb_cookie"
              }
            ],
            "tags": {},
            "target_type": "instance",
            "vpc_id": "vpc-019e0f4cd3c3cc452"
          },
          "sensitive_attributes": [],
          "private": "bnVsbA==",
          "dependencies": [
            "aws_vpc.Demo_site_vpc"
          ],
          "create_before_destroy": true
        }
      ]
    },
    {
      "mode": "managed",
      "type": "aws_route",
      "name": "add_route_to_IGT",
      "provider": "provider[\"registry.terraform.io/hashicorp/aws\"]",
      "instances": [
        {
          "schema_version": 0,
          "attributes": {
            "destination_cidr_block": "0.0.0.0/0",
            "destination_ipv6_cidr_block": "",
            "destination_prefix_list_id": "",
            "egress_only_gateway_id": "",
            "gateway_id": "igw-07d35673efb551ed3",
            "id": "r-rtb-01f75c613b9d5e2a81080289494",
            "instance_id": "",
            "instance_owner_id": "",
            "local_gateway_id": "",
            "nat_gateway_id": "",
            "network_interface_id": "",
            "origin": "CreateRoute",
            "route_table_id": "rtb-01f75c613b9d5e2a8",
            "state": "active",
            "timeouts": null,
            "transit_gateway_id": "",
            "vpc_endpoint_id": null,
            "vpc_peering_connection_id": ""
          },
          "sensitive_attributes": [],
          "private": "eyJlMmJmYjczMC1lY2FhLTExZTYtOGY4OC0zNDM2M2JjN2M0YzAiOnsiY3JlYXRlIjoxMjAwMDAwMDAwMDAsImRlbGV0ZSI6MzAwMDAwMDAwMDAwfX0=",
          "dependencies": [
            "aws_internet_gateway.IGW_for_demo_site",
            "aws_vpc.Demo_site_vpc"
          ]
        }
      ]
    },
    {
      "mode": "managed",
      "type": "aws_security_group",
      "name": "EC2_security",
      "provider": "provider[\"registry.terraform.io/hashicorp/aws\"]",
      "instances": [
        {
          "schema_version": 1,
          "attributes": {
            "arn": "arn:aws:ec2:eu-north-1:984547102228:security-group/sg-057ef057d9ab8a146",
            "description": "Allow inbound traffic to 80, 22, 8881 ports",
            "egress": [
              {
                "cidr_blocks": [
                  "0.0.0.0/0"
                ],
                "description": "",
                "from_port": 0,
                "ipv6_cidr_blocks": [],
                "prefix_list_ids": [],
                "protocol": "-1",
                "security_groups": [],
                "self": false,
                "to_port": 0
              }
            ],
            "id": "sg-057ef057d9ab8a146",
            "ingress": [
              {
                "cidr_blocks": [
                  "0.0.0.0/0"
                ],
                "description": "22 from VPC",
                "from_port": 22,
                "ipv6_cidr_blocks": [],
                "prefix_list_ids": [],
                "protocol": "tcp",
                "security_groups": [],
                "self": false,
                "to_port": 22
              },
              {
                "cidr_blocks": [
                  "0.0.0.0/0"
                ],
                "description": "http from VPC",
                "from_port": 80,
                "ipv6_cidr_blocks": [],
                "prefix_list_ids": [],
                "protocol": "tcp",
                "security_groups": [],
                "self": false,
                "to_port": 80
              },
              {
                "cidr_blocks": [
                  "10.0.0.0/16"
                ],
                "description": "8881 from VPC",
                "from_port": 8881,
                "ipv6_cidr_blocks": [],
                "prefix_list_ids": [],
                "protocol": "tcp",
                "security_groups": [],
                "self": false,
                "to_port": 8881
              }
            ],
            "name": "SG_port_80_8881_22",
            "name_prefix": "",
            "owner_id": "984547102228",
            "revoke_rules_on_delete": false,
            "tags": {
              "Name": "SG ports 80 22 8881",
              "Owner": "Snyatkov_V",
              "Project": "Demo-site"
            },
            "timeouts": null,
            "vpc_id": "vpc-019e0f4cd3c3cc452"
          },
          "sensitive_attributes": [],
          "private": "eyJlMmJmYjczMC1lY2FhLTExZTYtOGY4OC0zNDM2M2JjN2M0YzAiOnsiY3JlYXRlIjo2MDAwMDAwMDAwMDAsImRlbGV0ZSI6NjAwMDAwMDAwMDAwfSwic2NoZW1hX3ZlcnNpb24iOiIxIn0=",
          "dependencies": [
            "aws_vpc.Demo_site_vpc"
          ],
          "create_before_destroy": true
        }
      ]
    },
    {
      "mode": "managed",
      "type": "aws_security_group",
      "name": "SG_for_ALB",
      "provider": "provider[\"registry.terraform.io/hashicorp/aws\"]",
      "instances": [
        {
          "schema_version": 1,
          "attributes": {
            "arn": "arn:aws:ec2:eu-north-1:984547102228:security-group/sg-055a96f839c6e82c5",
            "description": "Managed by Terraform",
            "egress": [
              {
                "cidr_blocks": [
                  "0.0.0.0/0"
                ],
                "description": "",
                "from_port": 0,
                "ipv6_cidr_blocks": [],
                "prefix_list_ids": [],
                "protocol": "-1",
                "security_groups": [],
                "self": false,
                "to_port": 0
              }
            ],
            "id": "sg-055a96f839c6e82c5",
            "ingress": [
              {
                "cidr_blocks": [
                  "0.0.0.0/0"
                ],
                "description": "",
                "from_port": 443,
                "ipv6_cidr_blocks": [],
                "prefix_list_ids": [],
                "protocol": "tcp",
                "security_groups": [],
                "self": false,
                "to_port": 443
              },
              {
                "cidr_blocks": [
                  "0.0.0.0/0"
                ],
                "description": "",
                "from_port": 80,
                "ipv6_cidr_blocks": [],
                "prefix_list_ids": [],
                "protocol": "tcp",
                "security_groups": [],
                "self": false,
                "to_port": 80
              }
            ],
            "name": "SG_for_ALB",
            "name_prefix": "",
            "owner_id": "984547102228",
            "revoke_rules_on_delete": false,
            "tags": {},
            "timeouts": null,
            "vpc_id": "vpc-019e0f4cd3c3cc452"
          },
          "sensitive_attributes": [],
          "private": "eyJlMmJmYjczMC1lY2FhLTExZTYtOGY4OC0zNDM2M2JjN2M0YzAiOnsiY3JlYXRlIjo2MDAwMDAwMDAwMDAsImRlbGV0ZSI6NjAwMDAwMDAwMDAwfSwic2NoZW1hX3ZlcnNpb24iOiIxIn0=",
          "dependencies": [
            "aws_vpc.Demo_site_vpc"
          ]
        }
      ]
    },
    {
      "mode": "managed",
      "type": "aws_subnet",
      "name": "Demo_site_subnet_1",
      "provider": "provider[\"registry.terraform.io/hashicorp/aws\"]",
      "instances": [
        {
          "schema_version": 1,
          "attributes": {
            "arn": "arn:aws:ec2:eu-north-1:984547102228:subnet/subnet-06675c24819a71b55",
            "assign_ipv6_address_on_creation": false,
            "availability_zone": "eu-north-1a",
            "availability_zone_id": "eun1-az1",
            "cidr_block": "10.0.1.0/24",
            "id": "subnet-06675c24819a71b55",
            "ipv6_cidr_block": "",
            "ipv6_cidr_block_association_id": "",
            "map_public_ip_on_launch": true,
            "outpost_arn": "",
            "owner_id": "984547102228",
            "tags": {
              "Name": "Demo_site_subnet_1",
              "Owner": "Snyatkov_V",
              "Project": "Demo-site"
            },
            "timeouts": null,
            "vpc_id": "vpc-019e0f4cd3c3cc452"
          },
          "sensitive_attributes": [],
          "private": "eyJlMmJmYjczMC1lY2FhLTExZTYtOGY4OC0zNDM2M2JjN2M0YzAiOnsiY3JlYXRlIjo2MDAwMDAwMDAwMDAsImRlbGV0ZSI6MTIwMDAwMDAwMDAwMH0sInNjaGVtYV92ZXJzaW9uIjoiMSJ9",
          "dependencies": [
            "aws_vpc.Demo_site_vpc",
            "data.aws_availability_zones.available"
          ],
          "create_before_destroy": true
        }
      ]
    },
    {
      "mode": "managed",
      "type": "aws_subnet",
      "name": "Demo_site_subnet_2",
      "provider": "provider[\"registry.terraform.io/hashicorp/aws\"]",
      "instances": [
        {
          "schema_version": 1,
          "attributes": {
            "arn": "arn:aws:ec2:eu-north-1:984547102228:subnet/subnet-08936c67a51af098e",
            "assign_ipv6_address_on_creation": false,
            "availability_zone": "eu-north-1b",
            "availability_zone_id": "eun1-az2",
            "cidr_block": "10.0.2.0/24",
            "id": "subnet-08936c67a51af098e",
            "ipv6_cidr_block": "",
            "ipv6_cidr_block_association_id": "",
            "map_public_ip_on_launch": true,
            "outpost_arn": "",
            "owner_id": "984547102228",
            "tags": {
              "Name": "Demo_site_subnet_2",
              "Owner": "Snyatkov_V",
              "Project": "Demo-site"
            },
            "timeouts": null,
            "vpc_id": "vpc-019e0f4cd3c3cc452"
          },
          "sensitive_attributes": [],
          "private": "eyJlMmJmYjczMC1lY2FhLTExZTYtOGY4OC0zNDM2M2JjN2M0YzAiOnsiY3JlYXRlIjo2MDAwMDAwMDAwMDAsImRlbGV0ZSI6MTIwMDAwMDAwMDAwMH0sInNjaGVtYV92ZXJzaW9uIjoiMSJ9",
          "dependencies": [
            "aws_vpc.Demo_site_vpc",
            "data.aws_availability_zones.available"
          ],
          "create_before_destroy": true
        }
      ]
    },
    {
      "mode": "managed",
      "type": "aws_vpc",
      "name": "Demo_site_vpc",
      "provider": "provider[\"registry.terraform.io/hashicorp/aws\"]",
      "instances": [
        {
          "schema_version": 1,
          "attributes": {
            "arn": "arn:aws:ec2:eu-north-1:984547102228:vpc/vpc-019e0f4cd3c3cc452",
            "assign_generated_ipv6_cidr_block": false,
            "cidr_block": "10.0.0.0/16",
            "default_network_acl_id": "acl-0237bf3fc9b8398ba",
            "default_route_table_id": "rtb-01f75c613b9d5e2a8",
            "default_security_group_id": "sg-0892ae12e76721f7f",
            "dhcp_options_id": "dopt-04f24a6d",
            "enable_classiclink": null,
            "enable_classiclink_dns_support": null,
            "enable_dns_hostnames": false,
            "enable_dns_support": true,
            "id": "vpc-019e0f4cd3c3cc452",
            "instance_tenancy": "default",
            "ipv6_association_id": "",
            "ipv6_cidr_block": "",
            "main_route_table_id": "rtb-01f75c613b9d5e2a8",
            "owner_id": "984547102228",
            "tags": {
              "Name": "Demo_site_vpc",
              "Owner": "Snyatkov_V",
              "Project": "Demo-site"
            }
          },
          "sensitive_attributes": [],
          "private": "eyJzY2hlbWFfdmVyc2lvbiI6IjEifQ==",
          "create_before_destroy": true
        }
      ]
    }
  ]
}
